{
  "name": "conneroh.com",
  "lockfileVersion": 3,
  "requires": true,
  "packages": {
    "": {
      "name": "conneroh.com",
      "hasInstallScript": true,
      "dependencies": {
        "@alpinejs/intersect": "^3.14.9",
        "@types/alpinejs__intersect": "^3.13.4",
        "alpinejs": "^3.14.8",
        "htmx-ext-preload": "^2.1.1",
        "htmx.org": "2.0.4",
        "preline": "^2.7.0",
        "tailwindcss": "^4.0.8"
      },
      "devDependencies": {
        "@types/alpinejs": "^3.13.11",
        "@types/bun": "latest"
      },
      "peerDependencies": {
        "typescript": "^5.7.3"
      }
    },
    "node_modules/@alpinejs/intersect": {
      "version": "3.14.9",
      "resolved": "https://registry.npmjs.org/@alpinejs/intersect/-/intersect-3.14.9.tgz",
      "integrity": "sha512-6LLIqrESA5kxuTbDJshtItfHmZoiiDOpf8lOeRrNtYjSj/FkggDpnjD+ZFGF5btEOVSpWic2VmG2BejR/aMxDw==",
      "license": "MIT"
    },
    "node_modules/@popperjs/core": {
      "version": "2.11.8",
      "license": "MIT",
      "funding": {
        "type": "opencollective",
        "url": "https://opencollective.com/popperjs"
      }
    },
    "node_modules/@types/alpinejs": {
      "version": "3.13.11",
      "resolved": "https://registry.npmjs.org/@types/alpinejs/-/alpinejs-3.13.11.tgz",
      "integrity": "sha512-3KhGkDixCPiLdL3Z/ok1GxHwLxEWqQOKJccgaQL01wc0EVM2tCTaqlC3NIedmxAXkVzt/V6VTM8qPgnOHKJ1MA==",
      "license": "MIT"
    },
    "node_modules/@types/alpinejs__intersect": {
      "version": "3.13.4",
      "resolved": "https://registry.npmjs.org/@types/alpinejs__intersect/-/alpinejs__intersect-3.13.4.tgz",
      "integrity": "sha512-yoX6WO7AleeULOQvPz7rrx7FJmu6l033bM7QiGcWyvZjqF2KIut99ByUZO6OWUQuYmbRjxsKthGiUYNaAywHiA==",
      "license": "MIT",
      "dependencies": {
        "@types/alpinejs": "*"
      }
    },
    "node_modules/@types/bun": {
      "version": "1.2.8",
      "resolved": "https://registry.npmjs.org/@types/bun/-/bun-1.2.8.tgz",
      "integrity": "sha512-t8L1RvJVUghW5V+M/fL3Thbxcs0HwNsXsnTEBEfEVqGteiJToOlZ/fyOEaR1kZsNqnu+3XA4RI/qmnX4w6+S+w==",
      "dev": true,
      "license": "MIT",
      "dependencies": {
        "bun-types": "1.2.7"
      }
    },
    "node_modules/@types/node": {
      "version": "22.13.14",
      "resolved": "https://registry.npmjs.org/@types/node/-/node-22.13.14.tgz",
      "integrity": "sha512-Zs/Ollc1SJ8nKUAgc7ivOEdIBM8JAKgrqqUYi2J997JuKO7/tpQC+WCetQ1sypiKCQWHdvdg9wBNpUPEWZae7w==",
      "dev": true,
      "license": "MIT",
      "dependencies": {
        "undici-types": "~6.20.0"
      }
    },
    "node_modules/@types/ws": {
      "version": "8.18.0",
      "resolved": "https://registry.npmjs.org/@types/ws/-/ws-8.18.0.tgz",
      "integrity": "sha512-8svvI3hMyvN0kKCJMvTJP/x6Y/EoQbepff882wL+Sn5QsXb3etnamgrJq4isrBxSJj5L2AuXcI0+bgkoAXGUJw==",
      "dev": true,
      "license": "MIT",
      "dependencies": {
        "@types/node": "*"
      }
    },
    "node_modules/@vue/reactivity": {
      "version": "3.1.5",
      "license": "MIT",
      "dependencies": {
        "@vue/shared": "3.1.5"
      }
    },
    "node_modules/@vue/shared": {
      "version": "3.1.5",
      "license": "MIT"
    },
    "node_modules/alpinejs": {
      "version": "3.14.8",
      "license": "MIT",
      "dependencies": {
        "@vue/reactivity": "~3.1.1"
      }
    },
    "node_modules/bun-types": {
      "version": "1.2.7",
      "resolved": "https://registry.npmjs.org/bun-types/-/bun-types-1.2.7.tgz",
      "integrity": "sha512-P4hHhk7kjF99acXqKvltyuMQ2kf/rzIw3ylEDpCxDS9Xa0X0Yp/gJu/vDCucmWpiur5qJ0lwB2bWzOXa2GlHqA==",
      "dev": true,
      "license": "MIT",
      "dependencies": {
        "@types/node": "*",
        "@types/ws": "*"
      }
    },
    "node_modules/htmx-ext-preload": {
      "version": "2.1.1",
      "resolved": "https://registry.npmjs.org/htmx-ext-preload/-/htmx-ext-preload-2.1.1.tgz",
      "integrity": "sha512-Gm9NJTMgbR4OAhZ8a4abkBSVccuI+yCVJs5Nrsn2mWDv+Ha5bSwSw8Bc4Y8D+TCaeNSFd8Qz/fe1sqBIVmv0GA==",
      "dependencies": {
        "htmx.org": "^2.0.3"
      }
    },
    "node_modules/htmx.org": {
      "version": "2.0.4",
      "license": "0BSD"
    },
    "node_modules/preline": {
      "version": "2.7.0",
      "license": "Licensed under MIT and Preline UI Fair Use License",
      "dependencies": {
        "@popperjs/core": "^2.11.2"
      }
    },
    "node_modules/tailwindcss": {
      "version": "4.0.9",
      "license": "MIT"
    },
    "node_modules/typescript": {
      "version": "5.7.3",
      "license": "Apache-2.0",
      "peer": true,
      "bin": {
        "tsc": "bin/tsc",
        "tsserver": "bin/tsserver"
      },
      "engines": {
        "node": ">=14.17"
      }
    },
    "node_modules/undici-types": {
      "version": "6.20.0",
      "resolved": "https://registry.npmjs.org/undici-types/-/undici-types-6.20.0.tgz",
      "integrity": "sha512-Ny6QZ2Nju20vw1SRHe3d9jVu6gJ+4e3+MMpqu7pqE5HT6WsTSlce++GQmK5UXS8mzV8DSYHrQH+Xrf2jVcuKNg==",
      "dev": true,
      "license": "MIT"
    }
  }
}
